
Microsoft Visual Studio Solution File, Format Version 12.00
# Visual Studio 15
VisualStudioVersion = 15.0.28307.779
MinimumVisualStudioVersion = 10.0.40219.1
Project("{FAE04EC0-301F-11D3-BF4B-00C04F79EFBC}") = "Task01", "Task01\Task01.csproj", "{7984D41C-AF08-4FEE-B59C-06EBD74802FD}"
EndProject
Project("{FAE04EC0-301F-11D3-BF4B-00C04F79EFBC}") = "Task02", "Task02\Task02.csproj", "{962B8D2B-C701-4E89-91CC-89FFA49580CC}"
EndProject
Project("{9A19103F-16F7-4668-BE54-9A1E7A4F7556}") = "Task03", "Task03\Task03.csproj", "{D47B970E-A61A-41D2-AC96-179ED96D4BC5}"
EndProject
Global
	GlobalSection(SolutionConfigurationPlatforms) = preSolution
		Debug|Any CPU = Debug|Any CPU
		Release|Any CPU = Release|Any CPU
	EndGlobalSection
	GlobalSection(ProjectConfigurationPlatforms) = postSolution
		{7984D41C-AF08-4FEE-B59C-06EBD74802FD}.Debug|Any CPU.ActiveCfg = Debug|Any CPU
		{7984D41C-AF08-4FEE-B59C-06EBD74802FD}.Debug|Any CPU.Build.0 = Debug|Any CPU
		{7984D41C-AF08-4FEE-B59C-06EBD74802FD}.Release|Any CPU.ActiveCfg = Release|Any CPU
		{7984D41C-AF08-4FEE-B59C-06EBD74802FD}.Release|Any CPU.Build.0 = Release|Any CPU
		{962B8D2B-C701-4E89-91CC-89FFA49580CC}.Debug|Any CPU.ActiveCfg = Debug|Any CPU
		{962B8D2B-C701-4E89-91CC-89FFA49580CC}.Debug|Any CPU.Build.0 = Debug|Any CPU
		{962B8D2B-C701-4E89-91CC-89FFA49580CC}.Release|Any CPU.ActiveCfg = Release|Any CPU
		{962B8D2B-C701-4E89-91CC-89FFA49580CC}.Release|Any CPU.Build.0 = Release|Any CPU
		{D47B970E-A61A-41D2-AC96-179ED96D4BC5}.Debug|Any CPU.ActiveCfg = Debug|Any CPU
		{D47B970E-A61A-41D2-AC96-179ED96D4BC5}.Debug|Any CPU.Build.0 = Debug|Any CPU
		{D47B970E-A61A-41D2-AC96-179ED96D4BC5}.Release|Any CPU.ActiveCfg = Release|Any CPU
		{D47B970E-A61A-41D2-AC96-179ED96D4BC5}.Release|Any CPU.Build.0 = Release|Any CPU
	EndGlobalSection
	GlobalSection(SolutionProperties) = preSolution
		HideSolutionNode = FALSE
	EndGlobalSection
	GlobalSection(ExtensibilityGlobals) = postSolution
		SolutionGuid = {65C2B7A3-4A3E-415D-AB9E-1C145ABFF92E}
	EndGlobalSection
EndGlobal
